Microsoft Visual Studio Solution File, Format Version 12.00
# Visual Studio 2012
Project("{FAE04EC0-301F-11D3-BF4B-00C04F79EFBC}") = "creaturas of sonaria for godot", "creaturas of sonaria for godot.csproj", "{FC7CBDD3-39AE-420D-8A5A-DD3CFA7E49DD}"
EndProject
Global
	GlobalSection(SolutionConfigurationPlatforms) = preSolution
	Debug|Any CPU = Debug|Any CPU
	ExportDebug|Any CPU = ExportDebug|Any CPU
	ExportRelease|Any CPU = ExportRelease|Any CPU
	EndGlobalSection
	GlobalSection(ProjectConfigurationPlatforms) = postSolution
		{FC7CBDD3-39AE-420D-8A5A-DD3CFA7E49DD}.Debug|Any CPU.ActiveCfg = Debug|Any CPU
		{FC7CBDD3-39AE-420D-8A5A-DD3CFA7E49DD}.Debug|Any CPU.Build.0 = Debug|Any CPU
		{FC7CBDD3-39AE-420D-8A5A-DD3CFA7E49DD}.ExportDebug|Any CPU.ActiveCfg = ExportDebug|Any CPU
		{FC7CBDD3-39AE-420D-8A5A-DD3CFA7E49DD}.ExportDebug|Any CPU.Build.0 = ExportDebug|Any CPU
		{FC7CBDD3-39AE-420D-8A5A-DD3CFA7E49DD}.ExportRelease|Any CPU.ActiveCfg = ExportRelease|Any CPU
		{FC7CBDD3-39AE-420D-8A5A-DD3CFA7E49DD}.ExportRelease|Any CPU.Build.0 = ExportRelease|Any CPU
	EndGlobalSection
EndGlobal
